// !$*UTF8*$!
{
	archiveVersion = 1;
	classes = {
	};
	objectVersion = 56;
	objects = {

/* Begin PBXBuildFile section */
		0167983A2BBD9D9200E54077 /* TVShowApp.swift in Sources */ = {isa = PBXBuildFile; fileRef = 016798392BBD9D9200E54077 /* TVShowApp.swift */; };
		0167983C2BBD9D9200E54077 /* ContentView.swift in Sources */ = {isa = PBXBuildFile; fileRef = 0167983B2BBD9D9200E54077 /* ContentView.swift */; };
		0167983E2BBD9D9300E54077 /* Assets.xcassets in Resources */ = {isa = PBXBuildFile; fileRef = 0167983D2BBD9D9300E54077 /* Assets.xcassets */; };
		016798412BBD9D9300E54077 /* Preview Assets.xcassets in Resources */ = {isa = PBXBuildFile; fileRef = 016798402BBD9D9300E54077 /* Preview Assets.xcassets */; };
		0167984B2BBD9D9300E54077 /* TVShowTests.swift in Sources */ = {isa = PBXBuildFile; fileRef = 0167984A2BBD9D9300E54077 /* TVShowTests.swift */; };
		016798552BBD9D9300E54077 /* TVShowUITests.swift in Sources */ = {isa = PBXBuildFile; fileRef = 016798542BBD9D9300E54077 /* TVShowUITests.swift */; };
		016798572BBD9D9300E54077 /* TVShowUITestsLaunchTests.swift in Sources */ = {isa = PBXBuildFile; fileRef = 016798562BBD9D9300E54077 /* TVShowUITestsLaunchTests.swift */; };
		0167986A2BBD9E7100E54077 /* API_Manager.swift in Sources */ = {isa = PBXBuildFile; fileRef = 016798692BBD9E7100E54077 /* API_Manager.swift */; };
		0167986C2BBD9EA700E54077 /* AppURL.swift in Sources */ = {isa = PBXBuildFile; fileRef = 0167986B2BBD9EA700E54077 /* AppURL.swift */; };
		016798712BBD9F6100E54077 /* TVShow.swift in Sources */ = {isa = PBXBuildFile; fileRef = 016798702BBD9F6100E54077 /* TVShow.swift */; };
		016798732BBD9FA800E54077 /* GenericResponse.swift in Sources */ = {isa = PBXBuildFile; fileRef = 016798722BBD9FA800E54077 /* GenericResponse.swift */; };
		016798762BBDA61900E54077 /* TVShowDetailModel.swift in Sources */ = {isa = PBXBuildFile; fileRef = 016798752BBDA61900E54077 /* TVShowDetailModel.swift */; };
		016798782BBDA65A00E54077 /* TVShowViewModel.swift in Sources */ = {isa = PBXBuildFile; fileRef = 016798772BBDA65A00E54077 /* TVShowViewModel.swift */; };
		0167987A2BBDAAD100E54077 /* TVShowEndpoint.swift in Sources */ = {isa = PBXBuildFile; fileRef = 016798792BBDAAD100E54077 /* TVShowEndpoint.swift */; };
		01A4977D2BBEEFD20015AD19 /* SeasonDetailModel.swift in Sources */ = {isa = PBXBuildFile; fileRef = 01A4977C2BBEEFD20015AD19 /* SeasonDetailModel.swift */; };
		01A4977F2BBEF4420015AD19 /* EpisodeDetailModel.swift in Sources */ = {isa = PBXBuildFile; fileRef = 01A4977E2BBEF4420015AD19 /* EpisodeDetailModel.swift */; };
		01A497832BBEF6460015AD19 /* AsyncImages.swift in Sources */ = {isa = PBXBuildFile; fileRef = 01A497822BBEF6460015AD19 /* AsyncImages.swift */; };
		01A497862BBEF6C90015AD19 /* SDWebImageSwiftUI in Frameworks */ = {isa = PBXBuildFile; productRef = 01A497852BBEF6C90015AD19 /* SDWebImageSwiftUI */; };
		01A497892BBEFF990015AD19 /* Background.swift in Sources */ = {isa = PBXBuildFile; fileRef = 01A497882BBEFF990015AD19 /* Background.swift */; };
		01A497902BBF055F0015AD19 /* RectangularPlayButtons.swift in Sources */ = {isa = PBXBuildFile; fileRef = 01A4978F2BBF055F0015AD19 /* RectangularPlayButtons.swift */; };
		01A497922BBF12A00015AD19 /* CircularButtonWithSubLine.swift in Sources */ = {isa = PBXBuildFile; fileRef = 01A497912BBF12A00015AD19 /* CircularButtonWithSubLine.swift */; };
		01A497972BBF17D10015AD19 /* ExpandableText.swift in Sources */ = {isa = PBXBuildFile; fileRef = 01A497962BBF17D10015AD19 /* ExpandableText.swift */; };
		01A4979A2BBF1BCF0015AD19 /* LoaderView.swift in Sources */ = {isa = PBXBuildFile; fileRef = 01A497992BBF1BCF0015AD19 /* LoaderView.swift */; };
/* End PBXBuildFile section */

/* Begin PBXContainerItemProxy section */
		016798472BBD9D9300E54077 /* PBXContainerItemProxy */ = {
			isa = PBXContainerItemProxy;
			containerPortal = 0167982E2BBD9D9200E54077 /* Project object */;
			proxyType = 1;
			remoteGlobalIDString = 016798352BBD9D9200E54077;
			remoteInfo = TVShow;
		};
		016798512BBD9D9300E54077 /* PBXContainerItemProxy */ = {
			isa = PBXContainerItemProxy;
			containerPortal = 0167982E2BBD9D9200E54077 /* Project object */;
			proxyType = 1;
			remoteGlobalIDString = 016798352BBD9D9200E54077;
			remoteInfo = TVShow;
		};
/* End PBXContainerItemProxy section */

/* Begin PBXFileReference section */
		016798362BBD9D9200E54077 /* TVShow.app */ = {isa = PBXFileReference; explicitFileType = wrapper.application; includeInIndex = 0; path = TVShow.app; sourceTree = BUILT_PRODUCTS_DIR; };
		016798392BBD9D9200E54077 /* TVShowApp.swift */ = {isa = PBXFileReference; lastKnownFileType = sourcecode.swift; path = TVShowApp.swift; sourceTree = "<group>"; };
		0167983B2BBD9D9200E54077 /* ContentView.swift */ = {isa = PBXFileReference; lastKnownFileType = sourcecode.swift; path = ContentView.swift; sourceTree = "<group>"; };
		0167983D2BBD9D9300E54077 /* Assets.xcassets */ = {isa = PBXFileReference; lastKnownFileType = folder.assetcatalog; path = Assets.xcassets; sourceTree = "<group>"; };
		016798402BBD9D9300E54077 /* Preview Assets.xcassets */ = {isa = PBXFileReference; lastKnownFileType = folder.assetcatalog; path = "Preview Assets.xcassets"; sourceTree = "<group>"; };
		016798462BBD9D9300E54077 /* TVShowTests.xctest */ = {isa = PBXFileReference; explicitFileType = wrapper.cfbundle; includeInIndex = 0; path = TVShowTests.xctest; sourceTree = BUILT_PRODUCTS_DIR; };
		0167984A2BBD9D9300E54077 /* TVShowTests.swift */ = {isa = PBXFileReference; lastKnownFileType = sourcecode.swift; path = TVShowTests.swift; sourceTree = "<group>"; };
		016798502BBD9D9300E54077 /* TVShowUITests.xctest */ = {isa = PBXFileReference; explicitFileType = wrapper.cfbundle; includeInIndex = 0; path = TVShowUITests.xctest; sourceTree = BUILT_PRODUCTS_DIR; };
		016798542BBD9D9300E54077 /* TVShowUITests.swift */ = {isa = PBXFileReference; lastKnownFileType = sourcecode.swift; path = TVShowUITests.swift; sourceTree = "<group>"; };
		016798562BBD9D9300E54077 /* TVShowUITestsLaunchTests.swift */ = {isa = PBXFileReference; lastKnownFileType = sourcecode.swift; path = TVShowUITestsLaunchTests.swift; sourceTree = "<group>"; };
		016798692BBD9E7100E54077 /* API_Manager.swift */ = {isa = PBXFileReference; lastKnownFileType = sourcecode.swift; path = API_Manager.swift; sourceTree = "<group>"; };
		0167986B2BBD9EA700E54077 /* AppURL.swift */ = {isa = PBXFileReference; lastKnownFileType = sourcecode.swift; path = AppURL.swift; sourceTree = "<group>"; };
		016798702BBD9F6100E54077 /* TVShow.swift */ = {isa = PBXFileReference; lastKnownFileType = sourcecode.swift; path = TVShow.swift; sourceTree = "<group>"; };
		016798722BBD9FA800E54077 /* GenericResponse.swift */ = {isa = PBXFileReference; lastKnownFileType = sourcecode.swift; path = GenericResponse.swift; sourceTree = "<group>"; };
		016798752BBDA61900E54077 /* TVShowDetailModel.swift */ = {isa = PBXFileReference; lastKnownFileType = sourcecode.swift; path = TVShowDetailModel.swift; sourceTree = "<group>"; };
		016798772BBDA65A00E54077 /* TVShowViewModel.swift */ = {isa = PBXFileReference; lastKnownFileType = sourcecode.swift; path = TVShowViewModel.swift; sourceTree = "<group>"; };
		016798792BBDAAD100E54077 /* TVShowEndpoint.swift */ = {isa = PBXFileReference; lastKnownFileType = sourcecode.swift; path = TVShowEndpoint.swift; sourceTree = "<group>"; };
		01A4977C2BBEEFD20015AD19 /* SeasonDetailModel.swift */ = {isa = PBXFileReference; lastKnownFileType = sourcecode.swift; path = SeasonDetailModel.swift; sourceTree = "<group>"; };
		01A4977E2BBEF4420015AD19 /* EpisodeDetailModel.swift */ = {isa = PBXFileReference; lastKnownFileType = sourcecode.swift; path = EpisodeDetailModel.swift; sourceTree = "<group>"; };
		01A497822BBEF6460015AD19 /* AsyncImages.swift */ = {isa = PBXFileReference; lastKnownFileType = sourcecode.swift; path = AsyncImages.swift; sourceTree = "<group>"; };
		01A497882BBEFF990015AD19 /* Background.swift */ = {isa = PBXFileReference; lastKnownFileType = sourcecode.swift; path = Background.swift; sourceTree = "<group>"; };
		01A4978F2BBF055F0015AD19 /* RectangularPlayButtons.swift */ = {isa = PBXFileReference; lastKnownFileType = sourcecode.swift; path = RectangularPlayButtons.swift; sourceTree = "<group>"; };
		01A497912BBF12A00015AD19 /* CircularButtonWithSubLine.swift */ = {isa = PBXFileReference; lastKnownFileType = sourcecode.swift; path = CircularButtonWithSubLine.swift; sourceTree = "<group>"; };
		01A497962BBF17D10015AD19 /* ExpandableText.swift */ = {isa = PBXFileReference; lastKnownFileType = sourcecode.swift; path = ExpandableText.swift; sourceTree = "<group>"; };
		01A497992BBF1BCF0015AD19 /* LoaderView.swift */ = {isa = PBXFileReference; lastKnownFileType = sourcecode.swift; path = LoaderView.swift; sourceTree = "<group>"; };
/* End PBXFileReference section */

/* Begin PBXFrameworksBuildPhase section */
		016798332BBD9D9200E54077 /* Frameworks */ = {
			isa = PBXFrameworksBuildPhase;
			buildActionMask = 2147483647;
			files = (
				01A497862BBEF6C90015AD19 /* SDWebImageSwiftUI in Frameworks */,
			);
			runOnlyForDeploymentPostprocessing = 0;
		};
		016798432BBD9D9300E54077 /* Frameworks */ = {
			isa = PBXFrameworksBuildPhase;
			buildActionMask = 2147483647;
			files = (
			);
			runOnlyForDeploymentPostprocessing = 0;
		};
		0167984D2BBD9D9300E54077 /* Frameworks */ = {
			isa = PBXFrameworksBuildPhase;
			buildActionMask = 2147483647;
			files = (
			);
			runOnlyForDeploymentPostprocessing = 0;
		};
/* End PBXFrameworksBuildPhase section */

/* Begin PBXGroup section */
		0167982D2BBD9D9200E54077 = {
			isa = PBXGroup;
			children = (
				016798382BBD9D9200E54077 /* TVShow */,
				016798492BBD9D9300E54077 /* TVShowTests */,
				016798532BBD9D9300E54077 /* TVShowUITests */,
				016798372BBD9D9200E54077 /* Products */,
			);
			sourceTree = "<group>";
		};
		016798372BBD9D9200E54077 /* Products */ = {
			isa = PBXGroup;
			children = (
				016798362BBD9D9200E54077 /* TVShow.app */,
				016798462BBD9D9300E54077 /* TVShowTests.xctest */,
				016798502BBD9D9300E54077 /* TVShowUITests.xctest */,
			);
			name = Products;
			sourceTree = "<group>";
		};
		016798382BBD9D9200E54077 /* TVShow */ = {
			isa = PBXGroup;
			children = (
				01A497802BBEF62E0015AD19 /* CustomViewsAndModifiers */,
				01A4977A2BBEEFA00015AD19 /* Shared */,
				016798642BBD9DC200E54077 /* Models */,
				0167986D2BBD9F1D00E54077 /* View */,
				016798632BBD9DAE00E54077 /* NetworkManager */,
				016798672BBD9DE900E54077 /* MainApp */,
				0167983D2BBD9D9300E54077 /* Assets.xcassets */,
				0167983F2BBD9D9300E54077 /* Preview Content */,
			);
			path = TVShow;
			sourceTree = "<group>";
		};
		0167983F2BBD9D9300E54077 /* Preview Content */ = {
			isa = PBXGroup;
			children = (
				016798402BBD9D9300E54077 /* Preview Assets.xcassets */,
			);
			path = "Preview Content";
			sourceTree = "<group>";
		};
		016798492BBD9D9300E54077 /* TVShowTests */ = {
			isa = PBXGroup;
			children = (
				0167984A2BBD9D9300E54077 /* TVShowTests.swift */,
			);
			path = TVShowTests;
			sourceTree = "<group>";
		};
		016798532BBD9D9300E54077 /* TVShowUITests */ = {
			isa = PBXGroup;
			children = (
				016798542BBD9D9300E54077 /* TVShowUITests.swift */,
				016798562BBD9D9300E54077 /* TVShowUITestsLaunchTests.swift */,
			);
			path = TVShowUITests;
			sourceTree = "<group>";
		};
		016798632BBD9DAE00E54077 /* NetworkManager */ = {
			isa = PBXGroup;
			children = (
				016798682BBD9E0800E54077 /* AppUrl */,
				016798692BBD9E7100E54077 /* API_Manager.swift */,
				016798722BBD9FA800E54077 /* GenericResponse.swift */,
			);
			path = NetworkManager;
			sourceTree = "<group>";
		};
		016798642BBD9DC200E54077 /* Models */ = {
			isa = PBXGroup;
			children = (
				01A497792BBEEF870015AD19 /* EpisodeDetailModel */,
				01A497782BBEEF730015AD19 /* SeasonDetailModel */,
				016798742BBDA5F700E54077 /* TVShowDetailModel */,
			);
			path = Models;
			sourceTree = "<group>";
		};
		016798652BBD9DCA00E54077 /* ViewModel */ = {
			isa = PBXGroup;
			children = (
				016798772BBDA65A00E54077 /* TVShowViewModel.swift */,
			);
			path = ViewModel;
			sourceTree = "<group>";
		};
		016798662BBD9DD500E54077 /* EndPoints */ = {
			isa = PBXGroup;
			children = (
				016798792BBDAAD100E54077 /* TVShowEndpoint.swift */,
			);
			path = EndPoints;
			sourceTree = "<group>";
		};
		016798672BBD9DE900E54077 /* MainApp */ = {
			isa = PBXGroup;
			children = (
				0167983B2BBD9D9200E54077 /* ContentView.swift */,
				016798392BBD9D9200E54077 /* TVShowApp.swift */,
			);
			path = MainApp;
			sourceTree = "<group>";
		};
		016798682BBD9E0800E54077 /* AppUrl */ = {
			isa = PBXGroup;
			children = (
				0167986B2BBD9EA700E54077 /* AppURL.swift */,
			);
			path = AppUrl;
			sourceTree = "<group>";
		};
		0167986D2BBD9F1D00E54077 /* View */ = {
			isa = PBXGroup;
			children = (
				016798702BBD9F6100E54077 /* TVShow.swift */,
			);
			path = View;
			sourceTree = "<group>";
		};
		016798742BBDA5F700E54077 /* TVShowDetailModel */ = {
			isa = PBXGroup;
			children = (
				016798752BBDA61900E54077 /* TVShowDetailModel.swift */,
			);
			path = TVShowDetailModel;
			sourceTree = "<group>";
		};
		01A497782BBEEF730015AD19 /* SeasonDetailModel */ = {
			isa = PBXGroup;
			children = (
				01A4977C2BBEEFD20015AD19 /* SeasonDetailModel.swift */,
			);
			path = SeasonDetailModel;
			sourceTree = "<group>";
		};
		01A497792BBEEF870015AD19 /* EpisodeDetailModel */ = {
			isa = PBXGroup;
			children = (
				01A4977E2BBEF4420015AD19 /* EpisodeDetailModel.swift */,
			);
			path = EpisodeDetailModel;
			sourceTree = "<group>";
		};
		01A4977A2BBEEFA00015AD19 /* Shared */ = {
			isa = PBXGroup;
			children = (
				016798652BBD9DCA00E54077 /* ViewModel */,
				016798662BBD9DD500E54077 /* EndPoints */,
			);
			path = Shared;
			sourceTree = "<group>";
		};
		01A497802BBEF62E0015AD19 /* CustomViewsAndModifiers */ = {
			isa = PBXGroup;
			children = (
				01A497982BBF1BC00015AD19 /* Loader */,
				01A497932BBF17A30015AD19 /* Text */,
				01A4978A2BBF04B10015AD19 /* Buttons */,
				01A497872BBEFF830015AD19 /* BackgroundModifier */,
				01A497812BBEF6360015AD19 /* AsyncImages */,
			);
			path = CustomViewsAndModifiers;
			sourceTree = "<group>";
		};
		01A497812BBEF6360015AD19 /* AsyncImages */ = {
			isa = PBXGroup;
			children = (
				01A497822BBEF6460015AD19 /* AsyncImages.swift */,
			);
			path = AsyncImages;
			sourceTree = "<group>";
		};
		01A497872BBEFF830015AD19 /* BackgroundModifier */ = {
			isa = PBXGroup;
			children = (
				01A497882BBEFF990015AD19 /* Background.swift */,
			);
			path = BackgroundModifier;
			sourceTree = "<group>";
		};
		01A4978A2BBF04B10015AD19 /* Buttons */ = {
			isa = PBXGroup;
			children = (
				01A4978F2BBF055F0015AD19 /* RectangularPlayButtons.swift */,
				01A497912BBF12A00015AD19 /* CircularButtonWithSubLine.swift */,
			);
			path = Buttons;
			sourceTree = "<group>";
		};
		01A497932BBF17A30015AD19 /* Text */ = {
			isa = PBXGroup;
			children = (
				01A497962BBF17D10015AD19 /* ExpandableText.swift */,
			);
			path = Text;
			sourceTree = "<group>";
		};
		01A497982BBF1BC00015AD19 /* Loader */ = {
			isa = PBXGroup;
			children = (
				01A497992BBF1BCF0015AD19 /* LoaderView.swift */,
			);
			path = Loader;
			sourceTree = "<group>";
		};
/* End PBXGroup section */

/* Begin PBXNativeTarget section */
		016798352BBD9D9200E54077 /* TVShow */ = {
			isa = PBXNativeTarget;
			buildConfigurationList = 0167985A2BBD9D9300E54077 /* Build configuration list for PBXNativeTarget "TVShow" */;
			buildPhases = (
				016798322BBD9D9200E54077 /* Sources */,
				016798332BBD9D9200E54077 /* Frameworks */,
				016798342BBD9D9200E54077 /* Resources */,
			);
			buildRules = (
			);
			dependencies = (
			);
			name = TVShow;
			packageProductDependencies = (
				01A497852BBEF6C90015AD19 /* SDWebImageSwiftUI */,
			);
			productName = TVShow;
			productReference = 016798362BBD9D9200E54077 /* TVShow.app */;
			productType = "com.apple.product-type.application";
		};
		016798452BBD9D9300E54077 /* TVShowTests */ = {
			isa = PBXNativeTarget;
			buildConfigurationList = 0167985D2BBD9D9300E54077 /* Build configuration list for PBXNativeTarget "TVShowTests" */;
			buildPhases = (
				016798422BBD9D9300E54077 /* Sources */,
				016798432BBD9D9300E54077 /* Frameworks */,
				016798442BBD9D9300E54077 /* Resources */,
			);
			buildRules = (
			);
			dependencies = (
				016798482BBD9D9300E54077 /* PBXTargetDependency */,
			);
			name = TVShowTests;
			productName = TVShowTests;
			productReference = 016798462BBD9D9300E54077 /* TVShowTests.xctest */;
			productType = "com.apple.product-type.bundle.unit-test";
		};
		0167984F2BBD9D9300E54077 /* TVShowUITests */ = {
			isa = PBXNativeTarget;
			buildConfigurationList = 016798602BBD9D9300E54077 /* Build configuration list for PBXNativeTarget "TVShowUITests" */;
			buildPhases = (
				0167984C2BBD9D9300E54077 /* Sources */,
				0167984D2BBD9D9300E54077 /* Frameworks */,
				0167984E2BBD9D9300E54077 /* Resources */,
			);
			buildRules = (
			);
			dependencies = (
				016798522BBD9D9300E54077 /* PBXTargetDependency */,
			);
			name = TVShowUITests;
			productName = TVShowUITests;
			productReference = 016798502BBD9D9300E54077 /* TVShowUITests.xctest */;
			productType = "com.apple.product-type.bundle.ui-testing";
		};
/* End PBXNativeTarget section */

/* Begin PBXProject section */
		0167982E2BBD9D9200E54077 /* Project object */ = {
			isa = PBXProject;
			attributes = {
				BuildIndependentTargetsInParallel = 1;
				LastSwiftUpdateCheck = 1500;
				LastUpgradeCheck = 1500;
				TargetAttributes = {
					016798352BBD9D9200E54077 = {
						CreatedOnToolsVersion = 15.0.1;
					};
					016798452BBD9D9300E54077 = {
						CreatedOnToolsVersion = 15.0.1;
						TestTargetID = 016798352BBD9D9200E54077;
					};
					0167984F2BBD9D9300E54077 = {
						CreatedOnToolsVersion = 15.0.1;
						TestTargetID = 016798352BBD9D9200E54077;
					};
				};
			};
			buildConfigurationList = 016798312BBD9D9200E54077 /* Build configuration list for PBXProject "TVShow" */;
			compatibilityVersion = "Xcode 14.0";
			developmentRegion = en;
			hasScannedForEncodings = 0;
			knownRegions = (
				en,
				Base,
			);
			mainGroup = 0167982D2BBD9D9200E54077;
			packageReferences = (
				01A497842BBEF6C90015AD19 /* XCRemoteSwiftPackageReference "SDWebImageSwiftUI" */,
			);
			productRefGroup = 016798372BBD9D9200E54077 /* Products */;
			projectDirPath = "";
			projectRoot = "";
			targets = (
				016798352BBD9D9200E54077 /* TVShow */,
				016798452BBD9D9300E54077 /* TVShowTests */,
				0167984F2BBD9D9300E54077 /* TVShowUITests */,
			);
		};
/* End PBXProject section */

/* Begin PBXResourcesBuildPhase section */
		016798342BBD9D9200E54077 /* Resources */ = {
			isa = PBXResourcesBuildPhase;
			buildActionMask = 2147483647;
			files = (
				016798412BBD9D9300E54077 /* Preview Assets.xcassets in Resources */,
				0167983E2BBD9D9300E54077 /* Assets.xcassets in Resources */,
			);
			runOnlyForDeploymentPostprocessing = 0;
		};
		016798442BBD9D9300E54077 /* Resources */ = {
			isa = PBXResourcesBuildPhase;
			buildActionMask = 2147483647;
			files = (
			);
			runOnlyForDeploymentPostprocessing = 0;
		};
		0167984E2BBD9D9300E54077 /* Resources */ = {
			isa = PBXResourcesBuildPhase;
			buildActionMask = 2147483647;
			files = (
			);
			runOnlyForDeploymentPostprocessing = 0;
		};
/* End PBXResourcesBuildPhase section */

/* Begin PBXSourcesBuildPhase section */
		016798322BBD9D9200E54077 /* Sources */ = {
			isa = PBXSourcesBuildPhase;
			buildActionMask = 2147483647;
			files = (
				01A497832BBEF6460015AD19 /* AsyncImages.swift in Sources */,
				016798732BBD9FA800E54077 /* GenericResponse.swift in Sources */,
				01A4977D2BBEEFD20015AD19 /* SeasonDetailModel.swift in Sources */,
				0167983C2BBD9D9200E54077 /* ContentView.swift in Sources */,
				01A497902BBF055F0015AD19 /* RectangularPlayButtons.swift in Sources */,
				0167983A2BBD9D9200E54077 /* TVShowApp.swift in Sources */,
				016798762BBDA61900E54077 /* TVShowDetailModel.swift in Sources */,
				01A497922BBF12A00015AD19 /* CircularButtonWithSubLine.swift in Sources */,
				01A497972BBF17D10015AD19 /* ExpandableText.swift in Sources */,
				0167986A2BBD9E7100E54077 /* API_Manager.swift in Sources */,
				016798712BBD9F6100E54077 /* TVShow.swift in Sources */,
				01A4977F2BBEF4420015AD19 /* EpisodeDetailModel.swift in Sources */,
				0167986C2BBD9EA700E54077 /* AppURL.swift in Sources */,
				0167987A2BBDAAD100E54077 /* TVShowEndpoint.swift in Sources */,
				01A4979A2BBF1BCF0015AD19 /* LoaderView.swift in Sources */,
				01A497892BBEFF990015AD19 /* Background.swift in Sources */,
				016798782BBDA65A00E54077 /* TVShowViewModel.swift in Sources */,
			);
			runOnlyForDeploymentPostprocessing = 0;
		};
		016798422BBD9D9300E54077 /* Sources */ = {
			isa = PBXSourcesBuildPhase;
			buildActionMask = 2147483647;
			files = (
				0167984B2BBD9D9300E54077 /* TVShowTests.swift in Sources */,
			);
			runOnlyForDeploymentPostprocessing = 0;
		};
		0167984C2BBD9D9300E54077 /* Sources */ = {
			isa = PBXSourcesBuildPhase;
			buildActionMask = 2147483647;
			files = (
				016798552BBD9D9300E54077 /* TVShowUITests.swift in Sources */,
				016798572BBD9D9300E54077 /* TVShowUITestsLaunchTests.swift in Sources */,
			);
			runOnlyForDeploymentPostprocessing = 0;
		};
/* End PBXSourcesBuildPhase section */

/* Begin PBXTargetDependency section */
		016798482BBD9D9300E54077 /* PBXTargetDependency */ = {
			isa = PBXTargetDependency;
			target = 016798352BBD9D9200E54077 /* TVShow */;
			targetProxy = 016798472BBD9D9300E54077 /* PBXContainerItemProxy */;
		};
		016798522BBD9D9300E54077 /* PBXTargetDependency */ = {
			isa = PBXTargetDependency;
			target = 016798352BBD9D9200E54077 /* TVShow */;
			targetProxy = 016798512BBD9D9300E54077 /* PBXContainerItemProxy */;
		};
/* End PBXTargetDependency section */

/* Begin XCBuildConfiguration section */
		016798582BBD9D9300E54077 /* Debug */ = {
			isa = XCBuildConfiguration;
			buildSettings = {
				ALWAYS_SEARCH_USER_PATHS = NO;
				ASSETCATALOG_COMPILER_GENERATE_SWIFT_ASSET_SYMBOL_EXTENSIONS = YES;
				CLANG_ANALYZER_NONNULL = YES;
				CLANG_ANALYZER_NUMBER_OBJECT_CONVERSION = YES_AGGRESSIVE;
				CLANG_CXX_LANGUAGE_STANDARD = "gnu++20";
				CLANG_ENABLE_MODULES = YES;
				CLANG_ENABLE_OBJC_ARC = YES;
				CLANG_ENABLE_OBJC_WEAK = YES;
				CLANG_WARN_BLOCK_CAPTURE_AUTORELEASING = YES;
				CLANG_WARN_BOOL_CONVERSION = YES;
				CLANG_WARN_COMMA = YES;
				CLANG_WARN_CONSTANT_CONVERSION = YES;
				CLANG_WARN_DEPRECATED_OBJC_IMPLEMENTATIONS = YES;
				CLANG_WARN_DIRECT_OBJC_ISA_USAGE = YES_ERROR;
				CLANG_WARN_DOCUMENTATION_COMMENTS = YES;
				CLANG_WARN_EMPTY_BODY = YES;
				CLANG_WARN_ENUM_CONVERSION = YES;
				CLANG_WARN_INFINITE_RECURSION = YES;
				CLANG_WARN_INT_CONVERSION = YES;
				CLANG_WARN_NON_LITERAL_NULL_CONVERSION = YES;
				CLANG_WARN_OBJC_IMPLICIT_RETAIN_SELF = YES;
				CLANG_WARN_OBJC_LITERAL_CONVERSION = YES;
				CLANG_WARN_OBJC_ROOT_CLASS = YES_ERROR;
				CLANG_WARN_QUOTED_INCLUDE_IN_FRAMEWORK_HEADER = YES;
				CLANG_WARN_RANGE_LOOP_ANALYSIS = YES;
				CLANG_WARN_STRICT_PROTOTYPES = YES;
				CLANG_WARN_SUSPICIOUS_MOVE = YES;
				CLANG_WARN_UNGUARDED_AVAILABILITY = YES_AGGRESSIVE;
				CLANG_WARN_UNREACHABLE_CODE = YES;
				CLANG_WARN__DUPLICATE_METHOD_MATCH = YES;
				COPY_PHASE_STRIP = NO;
				DEBUG_INFORMATION_FORMAT = dwarf;
				ENABLE_STRICT_OBJC_MSGSEND = YES;
				ENABLE_TESTABILITY = YES;
				ENABLE_USER_SCRIPT_SANDBOXING = YES;
				GCC_C_LANGUAGE_STANDARD = gnu17;
				GCC_DYNAMIC_NO_PIC = NO;
				GCC_NO_COMMON_BLOCKS = YES;
				GCC_OPTIMIZATION_LEVEL = 0;
				GCC_PREPROCESSOR_DEFINITIONS = (
					"DEBUG=1",
					"$(inherited)",
				);
				GCC_WARN_64_TO_32_BIT_CONVERSION = YES;
				GCC_WARN_ABOUT_RETURN_TYPE = YES_ERROR;
				GCC_WARN_UNDECLARED_SELECTOR = YES;
				GCC_WARN_UNINITIALIZED_AUTOS = YES_AGGRESSIVE;
				GCC_WARN_UNUSED_FUNCTION = YES;
				GCC_WARN_UNUSED_VARIABLE = YES;
				IPHONEOS_DEPLOYMENT_TARGET = 17.0;
				LOCALIZATION_PREFERS_STRING_CATALOGS = YES;
				MTL_ENABLE_DEBUG_INFO = INCLUDE_SOURCE;
				MTL_FAST_MATH = YES;
				ONLY_ACTIVE_ARCH = YES;
				SDKROOT = iphoneos;
				SWIFT_ACTIVE_COMPILATION_CONDITIONS = "DEBUG $(inherited)";
				SWIFT_OPTIMIZATION_LEVEL = "-Onone";
			};
			name = Debug;
		};
		016798592BBD9D9300E54077 /* Release */ = {
			isa = XCBuildConfiguration;
			buildSettings = {
				ALWAYS_SEARCH_USER_PATHS = NO;
				ASSETCATALOG_COMPILER_GENERATE_SWIFT_ASSET_SYMBOL_EXTENSIONS = YES;
				CLANG_ANALYZER_NONNULL = YES;
				CLANG_ANALYZER_NUMBER_OBJECT_CONVERSION = YES_AGGRESSIVE;
				CLANG_CXX_LANGUAGE_STANDARD = "gnu++20";
				CLANG_ENABLE_MODULES = YES;
				CLANG_ENABLE_OBJC_ARC = YES;
				CLANG_ENABLE_OBJC_WEAK = YES;
				CLANG_WARN_BLOCK_CAPTURE_AUTORELEASING = YES;
				CLANG_WARN_BOOL_CONVERSION = YES;
				CLANG_WARN_COMMA = YES;
				CLANG_WARN_CONSTANT_CONVERSION = YES;
				CLANG_WARN_DEPRECATED_OBJC_IMPLEMENTATIONS = YES;
				CLANG_WARN_DIRECT_OBJC_ISA_USAGE = YES_ERROR;
				CLANG_WARN_DOCUMENTATION_COMMENTS = YES;
				CLANG_WARN_EMPTY_BODY = YES;
				CLANG_WARN_ENUM_CONVERSION = YES;
				CLANG_WARN_INFINITE_RECURSION = YES;
				CLANG_WARN_INT_CONVERSION = YES;
				CLANG_WARN_NON_LITERAL_NULL_CONVERSION = YES;
				CLANG_WARN_OBJC_IMPLICIT_RETAIN_SELF = YES;
				CLANG_WARN_OBJC_LITERAL_CONVERSION = YES;
				CLANG_WARN_OBJC_ROOT_CLASS = YES_ERROR;
				CLANG_WARN_QUOTED_INCLUDE_IN_FRAMEWORK_HEADER = YES;
				CLANG_WARN_RANGE_LOOP_ANALYSIS = YES;
				CLANG_WARN_STRICT_PROTOTYPES = YES;
				CLANG_WARN_SUSPICIOUS_MOVE = YES;
				CLANG_WARN_UNGUARDED_AVAILABILITY = YES_AGGRESSIVE;
				CLANG_WARN_UNREACHABLE_CODE = YES;
				CLANG_WARN__DUPLICATE_METHOD_MATCH = YES;
				COPY_PHASE_STRIP = NO;
				DEBUG_INFORMATION_FORMAT = "dwarf-with-dsym";
				ENABLE_NS_ASSERTIONS = NO;
				ENABLE_STRICT_OBJC_MSGSEND = YES;
				ENABLE_USER_SCRIPT_SANDBOXING = YES;
				GCC_C_LANGUAGE_STANDARD = gnu17;
				GCC_NO_COMMON_BLOCKS = YES;
				GCC_WARN_64_TO_32_BIT_CONVERSION = YES;
				GCC_WARN_ABOUT_RETURN_TYPE = YES_ERROR;
				GCC_WARN_UNDECLARED_SELECTOR = YES;
				GCC_WARN_UNINITIALIZED_AUTOS = YES_AGGRESSIVE;
				GCC_WARN_UNUSED_FUNCTION = YES;
				GCC_WARN_UNUSED_VARIABLE = YES;
				IPHONEOS_DEPLOYMENT_TARGET = 17.0;
				LOCALIZATION_PREFERS_STRING_CATALOGS = YES;
				MTL_ENABLE_DEBUG_INFO = NO;
				MTL_FAST_MATH = YES;
				SDKROOT = iphoneos;
				SWIFT_COMPILATION_MODE = wholemodule;
				VALIDATE_PRODUCT = YES;
			};
			name = Release;
		};
		0167985B2BBD9D9300E54077 /* Debug */ = {
			isa = XCBuildConfiguration;
			buildSettings = {
				ASSETCATALOG_COMPILER_APPICON_NAME = AppIcon;
				ASSETCATALOG_COMPILER_GLOBAL_ACCENT_COLOR_NAME = AccentColor;
				CODE_SIGN_STYLE = Automatic;
				CURRENT_PROJECT_VERSION = 1;
				DEVELOPMENT_ASSET_PATHS = "\"TVShow/Preview Content\"";
				DEVELOPMENT_TEAM = 2PWANQTS8W;
				ENABLE_PREVIEWS = YES;
				GENERATE_INFOPLIST_FILE = YES;
				INFOPLIST_KEY_UIApplicationSceneManifest_Generation = YES;
				INFOPLIST_KEY_UIApplicationSupportsIndirectInputEvents = YES;
				INFOPLIST_KEY_UILaunchScreen_Generation = YES;
				INFOPLIST_KEY_UISupportedInterfaceOrientations_iPad = "UIInterfaceOrientationPortrait UIInterfaceOrientationPortraitUpsideDown UIInterfaceOrientationLandscapeLeft UIInterfaceOrientationLandscapeRight";
				INFOPLIST_KEY_UISupportedInterfaceOrientations_iPhone = "UIInterfaceOrientationPortrait UIInterfaceOrientationLandscapeLeft UIInterfaceOrientationLandscapeRight";
				LD_RUNPATH_SEARCH_PATHS = (
					"$(inherited)",
					"@executable_path/Frameworks",
				);
				MARKETING_VERSION = 1.0;
				PRODUCT_BUNDLE_IDENTIFIER = ali.TVShow;
				PRODUCT_NAME = "$(TARGET_NAME)";
				SWIFT_EMIT_LOC_STRINGS = YES;
				SWIFT_VERSION = 5.0;
				TARGETED_DEVICE_FAMILY = "1,2";
			};
			name = Debug;
		};
		0167985C2BBD9D9300E54077 /* Release */ = {
			isa = XCBuildConfiguration;
			buildSettings = {
				ASSETCATALOG_COMPILER_APPICON_NAME = AppIcon;
				ASSETCATALOG_COMPILER_GLOBAL_ACCENT_COLOR_NAME = AccentColor;
				CODE_SIGN_STYLE = Automatic;
				CURRENT_PROJECT_VERSION = 1;
				DEVELOPMENT_ASSET_PATHS = "\"TVShow/Preview Content\"";
				DEVELOPMENT_TEAM = 2PWANQTS8W;
				ENABLE_PREVIEWS = YES;
				GENERATE_INFOPLIST_FILE = YES;
				INFOPLIST_KEY_UIApplicationSceneManifest_Generation = YES;
				INFOPLIST_KEY_UIApplicationSupportsIndirectInputEvents = YES;
				INFOPLIST_KEY_UILaunchScreen_Generation = YES;
				INFOPLIST_KEY_UISupportedInterfaceOrientations_iPad = "UIInterfaceOrientationPortrait UIInterfaceOrientationPortraitUpsideDown UIInterfaceOrientationLandscapeLeft UIInterfaceOrientationLandscapeRight";
				INFOPLIST_KEY_UISupportedInterfaceOrientations_iPhone = "UIInterfaceOrientationPortrait UIInterfaceOrientationLandscapeLeft UIInterfaceOrientationLandscapeRight";
				LD_RUNPATH_SEARCH_PATHS = (
					"$(inherited)",
					"@executable_path/Frameworks",
				);
				MARKETING_VERSION = 1.0;
				PRODUCT_BUNDLE_IDENTIFIER = ali.TVShow;
				PRODUCT_NAME = "$(TARGET_NAME)";
				SWIFT_EMIT_LOC_STRINGS = YES;
				SWIFT_VERSION = 5.0;
				TARGETED_DEVICE_FAMILY = "1,2";
			};
			name = Release;
		};
		0167985E2BBD9D9300E54077 /* Debug */ = {
			isa = XCBuildConfiguration;
			buildSettings = {
				ALWAYS_EMBED_SWIFT_STANDARD_LIBRARIES = YES;
				BUNDLE_LOADER = "$(TEST_HOST)";
				CODE_SIGN_STYLE = Automatic;
				CURRENT_PROJECT_VERSION = 1;
				DEVELOPMENT_TEAM = 2PWANQTS8W;
				GENERATE_INFOPLIST_FILE = YES;
				IPHONEOS_DEPLOYMENT_TARGET = 17.0;
				MARKETING_VERSION = 1.0;
				PRODUCT_BUNDLE_IDENTIFIER = ali.TVShowTests;
				PRODUCT_NAME = "$(TARGET_NAME)";
				SWIFT_EMIT_LOC_STRINGS = NO;
				SWIFT_VERSION = 5.0;
				TARGETED_DEVICE_FAMILY = "1,2";
				TEST_HOST = "$(BUILT_PRODUCTS_DIR)/TVShow.app/$(BUNDLE_EXECUTABLE_FOLDER_PATH)/TVShow";
			};
			name = Debug;
		};
		0167985F2BBD9D9300E54077 /* Release */ = {
			isa = XCBuildConfiguration;
			buildSettings = {
				ALWAYS_EMBED_SWIFT_STANDARD_LIBRARIES = YES;
				BUNDLE_LOADER = "$(TEST_HOST)";
				CODE_SIGN_STYLE = Automatic;
				CURRENT_PROJECT_VERSION = 1;
				DEVELOPMENT_TEAM = 2PWANQTS8W;
				GENERATE_INFOPLIST_FILE = YES;
				IPHONEOS_DEPLOYMENT_TARGET = 17.0;
				MARKETING_VERSION = 1.0;
				PRODUCT_BUNDLE_IDENTIFIER = ali.TVShowTests;
				PRODUCT_NAME = "$(TARGET_NAME)";
				SWIFT_EMIT_LOC_STRINGS = NO;
				SWIFT_VERSION = 5.0;
				TARGETED_DEVICE_FAMILY = "1,2";
				TEST_HOST = "$(BUILT_PRODUCTS_DIR)/TVShow.app/$(BUNDLE_EXECUTABLE_FOLDER_PATH)/TVShow";
			};
			name = Release;
		};
		016798612BBD9D9300E54077 /* Debug */ = {
			isa = XCBuildConfiguration;
			buildSettings = {
				ALWAYS_EMBED_SWIFT_STANDARD_LIBRARIES = YES;
				CODE_SIGN_STYLE = Automatic;
				CURRENT_PROJECT_VERSION = 1;
				DEVELOPMENT_TEAM = 2PWANQTS8W;
				GENERATE_INFOPLIST_FILE = YES;
				MARKETING_VERSION = 1.0;
				PRODUCT_BUNDLE_IDENTIFIER = ali.TVShowUITests;
				PRODUCT_NAME = "$(TARGET_NAME)";
				SWIFT_EMIT_LOC_STRINGS = NO;
				SWIFT_VERSION = 5.0;
				TARGETED_DEVICE_FAMILY = "1,2";
				TEST_TARGET_NAME = TVShow;
			};
			name = Debug;
		};
		016798622BBD9D9300E54077 /* Release */ = {
			isa = XCBuildConfiguration;
			buildSettings = {
				ALWAYS_EMBED_SWIFT_STANDARD_LIBRARIES = YES;
				CODE_SIGN_STYLE = Automatic;
				CURRENT_PROJECT_VERSION = 1;
				DEVELOPMENT_TEAM = 2PWANQTS8W;
				GENERATE_INFOPLIST_FILE = YES;
				MARKETING_VERSION = 1.0;
				PRODUCT_BUNDLE_IDENTIFIER = ali.TVShowUITests;
				PRODUCT_NAME = "$(TARGET_NAME)";
				SWIFT_EMIT_LOC_STRINGS = NO;
				SWIFT_VERSION = 5.0;
				TARGETED_DEVICE_FAMILY = "1,2";
				TEST_TARGET_NAME = TVShow;
			};
			name = Release;
		};
/* End XCBuildConfiguration section */

/* Begin XCConfigurationList section */
		016798312BBD9D9200E54077 /* Build configuration list for PBXProject "TVShow" */ = {
			isa = XCConfigurationList;
			buildConfigurations = (
				016798582BBD9D9300E54077 /* Debug */,
				016798592BBD9D9300E54077 /* Release */,
			);
			defaultConfigurationIsVisible = 0;
			defaultConfigurationName = Release;
		};
		0167985A2BBD9D9300E54077 /* Build configuration list for PBXNativeTarget "TVShow" */ = {
			isa = XCConfigurationList;
			buildConfigurations = (
				0167985B2BBD9D9300E54077 /* Debug */,
				0167985C2BBD9D9300E54077 /* Release */,
			);
			defaultConfigurationIsVisible = 0;
			defaultConfigurationName = Release;
		};
		0167985D2BBD9D9300E54077 /* Build configuration list for PBXNativeTarget "TVShowTests" */ = {
			isa = XCConfigurationList;
			buildConfigurations = (
				0167985E2BBD9D9300E54077 /* Debug */,
				0167985F2BBD9D9300E54077 /* Release */,
			);
			defaultConfigurationIsVisible = 0;
			defaultConfigurationName = Release;
		};
		016798602BBD9D9300E54077 /* Build configuration list for PBXNativeTarget "TVShowUITests" */ = {
			isa = XCConfigurationList;
			buildConfigurations = (
				016798612BBD9D9300E54077 /* Debug */,
				016798622BBD9D9300E54077 /* Release */,
			);
			defaultConfigurationIsVisible = 0;
			defaultConfigurationName = Release;
		};
/* End XCConfigurationList section */

/* Begin XCRemoteSwiftPackageReference section */
		01A497842BBEF6C90015AD19 /* XCRemoteSwiftPackageReference "SDWebImageSwiftUI" */ = {
			isa = XCRemoteSwiftPackageReference;
			repositoryURL = "https://github.com/SDWebImage/SDWebImageSwiftUI.git";
			requirement = {
				kind = upToNextMajorVersion;
				minimumVersion = 2.0.0;
			};
		};
/* End XCRemoteSwiftPackageReference section */

/* Begin XCSwiftPackageProductDependency section */
		01A497852BBEF6C90015AD19 /* SDWebImageSwiftUI */ = {
			isa = XCSwiftPackageProductDependency;
			package = 01A497842BBEF6C90015AD19 /* XCRemoteSwiftPackageReference "SDWebImageSwiftUI" */;
			productName = SDWebImageSwiftUI;
		};
/* End XCSwiftPackageProductDependency section */
	};
	rootObject = 0167982E2BBD9D9200E54077 /* Project object */;
}
